
Microsoft Visual Studio Solution File, Format Version 12.00
# Visual Studio Version 16
VisualStudioVersion = 16.0.29911.84
MinimumVisualStudioVersion = 10.0.40219.1
Project("{FAE04EC0-301F-11D3-BF4B-00C04F79EFBC}") = "WpfApp1", "WpfApp1\WpfApp1.csproj", "{367CC009-5EA5-4BD4-B876-153D278197D1}"
EndProject
Global
	GlobalSection(SolutionConfigurationPlatforms) = preSolution
		Debug|Any CPU = Debug|Any CPU
		Release|Any CPU = Release|Any CPU
	EndGlobalSection
	GlobalSection(ProjectConfigurationPlatforms) = postSolution
		{367CC009-5EA5-4BD4-B876-153D278197D1}.Debug|Any CPU.ActiveCfg = Debug|Any CPU
		{367CC009-5EA5-4BD4-B876-153D278197D1}.Debug|Any CPU.Build.0 = Debug|Any CPU
		{367CC009-5EA5-4BD4-B876-153D278197D1}.Release|Any CPU.ActiveCfg = Release|Any CPU
		{367CC009-5EA5-4BD4-B876-153D278197D1}.Release|Any CPU.Build.0 = Release|Any CPU
	EndGlobalSection
	GlobalSection(SolutionProperties) = preSolution
		HideSolutionNode = FALSE
	EndGlobalSection
	GlobalSection(ExtensibilityGlobals) = postSolution
		SolutionGuid = {14A4A713-6995-451C-9B79-F4E44FE0F147}
	EndGlobalSection
EndGlobal
