
Microsoft Visual Studio Solution File, Format Version 12.00
# Visual Studio Version 16
VisualStudioVersion = 16.0.29806.167
MinimumVisualStudioVersion = 10.0.40219.1
Project("{FAE04EC0-301F-11D3-BF4B-00C04F79EFBC}") = "3-4", "3-4\3-4.csproj", "{281B31A8-E2AC-47B2-9650-D15894466DED}"
EndProject
Global
	GlobalSection(SolutionConfigurationPlatforms) = preSolution
		Debug|Any CPU = Debug|Any CPU
		Release|Any CPU = Release|Any CPU
	EndGlobalSection
	GlobalSection(ProjectConfigurationPlatforms) = postSolution
		{281B31A8-E2AC-47B2-9650-D15894466DED}.Debug|Any CPU.ActiveCfg = Debug|Any CPU
		{281B31A8-E2AC-47B2-9650-D15894466DED}.Debug|Any CPU.Build.0 = Debug|Any CPU
		{281B31A8-E2AC-47B2-9650-D15894466DED}.Release|Any CPU.ActiveCfg = Release|Any CPU
		{281B31A8-E2AC-47B2-9650-D15894466DED}.Release|Any CPU.Build.0 = Release|Any CPU
	EndGlobalSection
	GlobalSection(SolutionProperties) = preSolution
		HideSolutionNode = FALSE
	EndGlobalSection
	GlobalSection(ExtensibilityGlobals) = postSolution
		SolutionGuid = {889DD94D-86C1-490F-A4AC-46C6B38AA8AE}
	EndGlobalSection
EndGlobal
